
Microsoft Visual Studio Solution File, Format Version 12.00
# Visual Studio Version 17
VisualStudioVersion = 17.0.31903.59
MinimumVisualStudioVersion = 10.0.40219.1
Project("{FAE04EC0-301F-11D3-BF4B-00C04F79EFBC}") = "Project1-HelloWorld", "Project1-HelloWorld\Project1-HelloWorld.csproj", "{197DAD6B-64F8-465B-98BD-EBD1C2323F7F}"
EndProject
Project("{FAE04EC0-301F-11D3-BF4B-00C04F79EFBC}") = "Trial1", "Trial1\Trial1.csproj", "{F33CB726-3DF4-449A-8D67-85DBCF2C143F}"
EndProject
Project("{FAE04EC0-301F-11D3-BF4B-00C04F79EFBC}") = "EECS210_CS_Lab1", "EECS210_CS_Lab1\EECS210_CS_Lab1.csproj", "{B89C4F45-4365-4C4D-96D2-395C7C9B7720}"
EndProject
Global
	GlobalSection(SolutionConfigurationPlatforms) = preSolution
		Debug|Any CPU = Debug|Any CPU
		Release|Any CPU = Release|Any CPU
	EndGlobalSection
	GlobalSection(SolutionProperties) = preSolution
		HideSolutionNode = FALSE
	EndGlobalSection
	GlobalSection(ProjectConfigurationPlatforms) = postSolution
		{197DAD6B-64F8-465B-98BD-EBD1C2323F7F}.Debug|Any CPU.ActiveCfg = Debug|Any CPU
		{197DAD6B-64F8-465B-98BD-EBD1C2323F7F}.Debug|Any CPU.Build.0 = Debug|Any CPU
		{197DAD6B-64F8-465B-98BD-EBD1C2323F7F}.Release|Any CPU.ActiveCfg = Release|Any CPU
		{197DAD6B-64F8-465B-98BD-EBD1C2323F7F}.Release|Any CPU.Build.0 = Release|Any CPU
		{F33CB726-3DF4-449A-8D67-85DBCF2C143F}.Debug|Any CPU.ActiveCfg = Debug|Any CPU
		{F33CB726-3DF4-449A-8D67-85DBCF2C143F}.Debug|Any CPU.Build.0 = Debug|Any CPU
		{F33CB726-3DF4-449A-8D67-85DBCF2C143F}.Release|Any CPU.ActiveCfg = Release|Any CPU
		{F33CB726-3DF4-449A-8D67-85DBCF2C143F}.Release|Any CPU.Build.0 = Release|Any CPU
		{B89C4F45-4365-4C4D-96D2-395C7C9B7720}.Debug|Any CPU.ActiveCfg = Debug|Any CPU
		{B89C4F45-4365-4C4D-96D2-395C7C9B7720}.Debug|Any CPU.Build.0 = Debug|Any CPU
		{B89C4F45-4365-4C4D-96D2-395C7C9B7720}.Release|Any CPU.ActiveCfg = Release|Any CPU
		{B89C4F45-4365-4C4D-96D2-395C7C9B7720}.Release|Any CPU.Build.0 = Release|Any CPU
	EndGlobalSection
EndGlobal
